
Microsoft Visual Studio Solution File, Format Version 12.00
# Visual Studio 15
VisualStudioVersion = 15.0.28307.572
MinimumVisualStudioVersion = 10.0.40219.1
Project("{9A19103F-16F7-4668-BE54-9A1E7A4F7556}") = "ECommerce", "ECommerce\ECommerce.csproj", "{2C363A77-5A7D-4698-B140-BAF97C94A6E3}"
EndProject
Project("{FAE04EC0-301F-11D3-BF4B-00C04F79EFBC}") = "ECommerce.Data", "ECommerce.Data\ECommerce.Data.csproj", "{5B45385E-A5D1-45CB-86D3-F3F2863C784A}"
EndProject
Project("{FAE04EC0-301F-11D3-BF4B-00C04F79EFBC}") = "ECommerce.Service", "ECommerce.Service\ECommerce.Service.csproj", "{93423362-D08F-4AF6-AB6C-00EE5732576A}"
EndProject
Global
	GlobalSection(SolutionConfigurationPlatforms) = preSolution
		Debug|Any CPU = Debug|Any CPU
		Release|Any CPU = Release|Any CPU
	EndGlobalSection
	GlobalSection(ProjectConfigurationPlatforms) = postSolution
		{2C363A77-5A7D-4698-B140-BAF97C94A6E3}.Debug|Any CPU.ActiveCfg = Debug|Any CPU
		{2C363A77-5A7D-4698-B140-BAF97C94A6E3}.Debug|Any CPU.Build.0 = Debug|Any CPU
		{2C363A77-5A7D-4698-B140-BAF97C94A6E3}.Release|Any CPU.ActiveCfg = Release|Any CPU
		{2C363A77-5A7D-4698-B140-BAF97C94A6E3}.Release|Any CPU.Build.0 = Release|Any CPU
		{5B45385E-A5D1-45CB-86D3-F3F2863C784A}.Debug|Any CPU.ActiveCfg = Debug|Any CPU
		{5B45385E-A5D1-45CB-86D3-F3F2863C784A}.Debug|Any CPU.Build.0 = Debug|Any CPU
		{5B45385E-A5D1-45CB-86D3-F3F2863C784A}.Release|Any CPU.ActiveCfg = Release|Any CPU
		{5B45385E-A5D1-45CB-86D3-F3F2863C784A}.Release|Any CPU.Build.0 = Release|Any CPU
		{93423362-D08F-4AF6-AB6C-00EE5732576A}.Debug|Any CPU.ActiveCfg = Debug|Any CPU
		{93423362-D08F-4AF6-AB6C-00EE5732576A}.Debug|Any CPU.Build.0 = Debug|Any CPU
		{93423362-D08F-4AF6-AB6C-00EE5732576A}.Release|Any CPU.ActiveCfg = Release|Any CPU
		{93423362-D08F-4AF6-AB6C-00EE5732576A}.Release|Any CPU.Build.0 = Release|Any CPU
	EndGlobalSection
	GlobalSection(SolutionProperties) = preSolution
		HideSolutionNode = FALSE
	EndGlobalSection
	GlobalSection(ExtensibilityGlobals) = postSolution
		SolutionGuid = {CEB3D13A-876F-49A6-9FAD-8AF8FFDC03A1}
	EndGlobalSection
EndGlobal
